
Microsoft Visual Studio Solution File, Format Version 12.00
# Visual Studio 15
VisualStudioVersion = 15.0.28307.1340
MinimumVisualStudioVersion = 10.0.40219.1
Project("{FAE04EC0-301F-11D3-BF4B-00C04F79EFBC}") = "Ejemplo Registro Notas", "Ejemplo Registro Notas\Ejemplo Registro Notas.csproj", "{5FD35828-DF5A-40C1-8271-49A6F57D1EB7}"
EndProject
Global
	GlobalSection(SolutionConfigurationPlatforms) = preSolution
		Debug|Any CPU = Debug|Any CPU
		Release|Any CPU = Release|Any CPU
	EndGlobalSection
	GlobalSection(ProjectConfigurationPlatforms) = postSolution
		{5FD35828-DF5A-40C1-8271-49A6F57D1EB7}.Debug|Any CPU.ActiveCfg = Debug|Any CPU
		{5FD35828-DF5A-40C1-8271-49A6F57D1EB7}.Debug|Any CPU.Build.0 = Debug|Any CPU
		{5FD35828-DF5A-40C1-8271-49A6F57D1EB7}.Release|Any CPU.ActiveCfg = Release|Any CPU
		{5FD35828-DF5A-40C1-8271-49A6F57D1EB7}.Release|Any CPU.Build.0 = Release|Any CPU
	EndGlobalSection
	GlobalSection(SolutionProperties) = preSolution
		HideSolutionNode = FALSE
	EndGlobalSection
	GlobalSection(ExtensibilityGlobals) = postSolution
		SolutionGuid = {0396677A-9F11-4FBE-9830-05A500588E27}
	EndGlobalSection
EndGlobal
